# THIS IS AN AUTOGENERATED FILE. DO NOT EDIT THIS FILE DIRECTLY.
# yarn lockfile v1


"@types/uuid@^7.0.2":
  version "7.0.2"
  resolved "https://registry.yarnpkg.com/@types/uuid/-/uuid-7.0.2.tgz#d680a9c596ef84abf5c4c07a32ffd66d582526f8"
  integrity sha512-8Ly3zIPTnT0/8RCU6Kg/G3uTICf9sRwYOpUzSIM3503tLIKcnJPRuinHhXngJUy2MntrEf6dlpOHXJju90Qh5w==
